// !$*UTF8*$!
{
	archiveVersion = 1;
	classes = {
	};
	objectVersion = 56;
	objects = {

/* Begin PBXBuildFile section */
		872C43242C19B84300910FEA /* PrivateNotesApp.swift in Sources */ = {isa = PBXBuildFile; fileRef = 872C43232C19B84300910FEA /* PrivateNotesApp.swift */; };
		872C43262C19B84300910FEA /* NoteListView.swift in Sources */ = {isa = PBXBuildFile; fileRef = 872C43252C19B84300910FEA /* NoteListView.swift */; };
		872C43282C19B84400910FEA /* Assets.xcassets in Resources */ = {isa = PBXBuildFile; fileRef = 872C43272C19B84400910FEA /* Assets.xcassets */; };
		872C432B2C19B84400910FEA /* Preview Assets.xcassets in Resources */ = {isa = PBXBuildFile; fileRef = 872C432A2C19B84400910FEA /* Preview Assets.xcassets */; };
		872C432D2C19B84400910FEA /* Persistence.swift in Sources */ = {isa = PBXBuildFile; fileRef = 872C432C2C19B84400910FEA /* Persistence.swift */; };
		872C43302C19B84400910FEA /* PrivateNotes.xcdatamodeld in Sources */ = {isa = PBXBuildFile; fileRef = 872C432E2C19B84400910FEA /* PrivateNotes.xcdatamodeld */; };
		872C43442C19B84400910FEA /* PrivateNotesUITests.swift in Sources */ = {isa = PBXBuildFile; fileRef = 872C43432C19B84400910FEA /* PrivateNotesUITests.swift */; };
		872C43462C19B84400910FEA /* PrivateNotesUITestsLaunchTests.swift in Sources */ = {isa = PBXBuildFile; fileRef = 872C43452C19B84400910FEA /* PrivateNotesUITestsLaunchTests.swift */; };
		872C43552C19CD6B00910FEA /* Note+CoreDataClass.swift in Sources */ = {isa = PBXBuildFile; fileRef = 872C43532C19CD6B00910FEA /* Note+CoreDataClass.swift */; };
		872C43562C19CD6B00910FEA /* Note+CoreDataProperties.swift in Sources */ = {isa = PBXBuildFile; fileRef = 872C43542C19CD6B00910FEA /* Note+CoreDataProperties.swift */; };
		872C43582C19D0D900910FEA /* Persistence+Preview.swift in Sources */ = {isa = PBXBuildFile; fileRef = 872C43572C19D0D900910FEA /* Persistence+Preview.swift */; };
		872C435C2C19EC8A00910FEA /* NoteDetailsView.swift in Sources */ = {isa = PBXBuildFile; fileRef = 872C435B2C19EC8A00910FEA /* NoteDetailsView.swift */; };
		872C435E2C19F01500910FEA /* Note+Preview.swift in Sources */ = {isa = PBXBuildFile; fileRef = 872C435D2C19F01500910FEA /* Note+Preview.swift */; };
		872C43602C1B0AEB00910FEA /* NoteListViewModel.swift in Sources */ = {isa = PBXBuildFile; fileRef = 872C435F2C1B0AEB00910FEA /* NoteListViewModel.swift */; };
		872C43632C1B106700910FEA /* MockNoteListViewModel.swift in Sources */ = {isa = PBXBuildFile; fileRef = 872C43622C1B106700910FEA /* MockNoteListViewModel.swift */; };
		872C43652C1B140500910FEA /* Error+Preview.swift in Sources */ = {isa = PBXBuildFile; fileRef = 872C43642C1B140500910FEA /* Error+Preview.swift */; };
		87A9CEF42C1B21A30051F4C7 /* NoteDetailsViewModel.swift in Sources */ = {isa = PBXBuildFile; fileRef = 87A9CEF32C1B21A30051F4C7 /* NoteDetailsViewModel.swift */; };
		87A9CEF62C1B25BC0051F4C7 /* MockNoteDetailsViewModel.swift in Sources */ = {isa = PBXBuildFile; fileRef = 87A9CEF52C1B25BC0051F4C7 /* MockNoteDetailsViewModel.swift */; };
		87A9CEF82C1B26940051F4C7 /* ErrorView.swift in Sources */ = {isa = PBXBuildFile; fileRef = 87A9CEF72C1B26940051F4C7 /* ErrorView.swift */; };
		87A9CEFB2C1B3B8B0051F4C7 /* NoteCoordinator.swift in Sources */ = {isa = PBXBuildFile; fileRef = 87A9CEFA2C1B3B8B0051F4C7 /* NoteCoordinator.swift */; };
		87A9CEFE2C1B3F760051F4C7 /* NoteFlowType.swift in Sources */ = {isa = PBXBuildFile; fileRef = 87A9CEFD2C1B3F760051F4C7 /* NoteFlowType.swift */; };
		87A9CF002C1B7A910051F4C7 /* RootCoordinator.swift in Sources */ = {isa = PBXBuildFile; fileRef = 87A9CEFF2C1B7A910051F4C7 /* RootCoordinator.swift */; };
		87A9CF022C1B7B660051F4C7 /* ContentView.swift in Sources */ = {isa = PBXBuildFile; fileRef = 87A9CF012C1B7B660051F4C7 /* ContentView.swift */; };
		87A9CF042C1BA50E0051F4C7 /* LoginAuthView.swift in Sources */ = {isa = PBXBuildFile; fileRef = 87A9CF032C1BA50E0051F4C7 /* LoginAuthView.swift */; };
		87A9CF082C1BAC320051F4C7 /* CTALabel.swift in Sources */ = {isa = PBXBuildFile; fileRef = 87A9CF072C1BAC320051F4C7 /* CTALabel.swift */; };
		87A9CF0A2C1BAC6E0051F4C7 /* Design.swift in Sources */ = {isa = PBXBuildFile; fileRef = 87A9CF092C1BAC6E0051F4C7 /* Design.swift */; };
		87A9CF0C2C1C06AF0051F4C7 /* LoginCoordinator.swift in Sources */ = {isa = PBXBuildFile; fileRef = 87A9CF0B2C1C06AF0051F4C7 /* LoginCoordinator.swift */; };
		87A9CF0E2C1C08240051F4C7 /* LoginFlowType.swift in Sources */ = {isa = PBXBuildFile; fileRef = 87A9CF0D2C1C08240051F4C7 /* LoginFlowType.swift */; };
		87A9CF102C1C09230051F4C7 /* LoginViewModel.swift in Sources */ = {isa = PBXBuildFile; fileRef = 87A9CF0F2C1C09230051F4C7 /* LoginViewModel.swift */; };
		87A9CF122C1C0CDB0051F4C7 /* MockLoginViewModel.swift in Sources */ = {isa = PBXBuildFile; fileRef = 87A9CF112C1C0CDB0051F4C7 /* MockLoginViewModel.swift */; };
		87A9CF142C1C109A0051F4C7 /* LoginView.swift in Sources */ = {isa = PBXBuildFile; fileRef = 87A9CF132C1C109A0051F4C7 /* LoginView.swift */; };
		87A9CF1A2C1C35760051F4C7 /* NoteListViewModelTests.swift in Sources */ = {isa = PBXBuildFile; fileRef = 87A9CF192C1C35760051F4C7 /* NoteListViewModelTests.swift */; };
		87A9CF1C2C1C44680051F4C7 /* NoteDetailsViewModelTests.swift in Sources */ = {isa = PBXBuildFile; fileRef = 87A9CF1B2C1C44680051F4C7 /* NoteDetailsViewModelTests.swift */; };
/* End PBXBuildFile section */

/* Begin PBXContainerItemProxy section */
		872C43362C19B84400910FEA /* PBXContainerItemProxy */ = {
			isa = PBXContainerItemProxy;
			containerPortal = 872C43182C19B84300910FEA /* Project object */;
			proxyType = 1;
			remoteGlobalIDString = 872C431F2C19B84300910FEA;
			remoteInfo = PrivateNotes;
		};
		872C43402C19B84400910FEA /* PBXContainerItemProxy */ = {
			isa = PBXContainerItemProxy;
			containerPortal = 872C43182C19B84300910FEA /* Project object */;
			proxyType = 1;
			remoteGlobalIDString = 872C431F2C19B84300910FEA;
			remoteInfo = PrivateNotes;
		};
/* End PBXContainerItemProxy section */

/* Begin PBXFileReference section */
		872C43202C19B84300910FEA /* PrivateNotes.app */ = {isa = PBXFileReference; explicitFileType = wrapper.application; includeInIndex = 0; path = PrivateNotes.app; sourceTree = BUILT_PRODUCTS_DIR; };
		872C43232C19B84300910FEA /* PrivateNotesApp.swift */ = {isa = PBXFileReference; lastKnownFileType = sourcecode.swift; path = PrivateNotesApp.swift; sourceTree = "<group>"; };
		872C43252C19B84300910FEA /* NoteListView.swift */ = {isa = PBXFileReference; lastKnownFileType = sourcecode.swift; path = NoteListView.swift; sourceTree = "<group>"; };
		872C43272C19B84400910FEA /* Assets.xcassets */ = {isa = PBXFileReference; lastKnownFileType = folder.assetcatalog; path = Assets.xcassets; sourceTree = "<group>"; };
		872C432A2C19B84400910FEA /* Preview Assets.xcassets */ = {isa = PBXFileReference; lastKnownFileType = folder.assetcatalog; path = "Preview Assets.xcassets"; sourceTree = "<group>"; };
		872C432C2C19B84400910FEA /* Persistence.swift */ = {isa = PBXFileReference; lastKnownFileType = sourcecode.swift; path = Persistence.swift; sourceTree = "<group>"; };
		872C432F2C19B84400910FEA /* PrivateNotes.xcdatamodel */ = {isa = PBXFileReference; lastKnownFileType = wrapper.xcdatamodel; path = PrivateNotes.xcdatamodel; sourceTree = "<group>"; };
		872C43352C19B84400910FEA /* PrivateNotesTests.xctest */ = {isa = PBXFileReference; explicitFileType = wrapper.cfbundle; includeInIndex = 0; path = PrivateNotesTests.xctest; sourceTree = BUILT_PRODUCTS_DIR; };
		872C433F2C19B84400910FEA /* PrivateNotesUITests.xctest */ = {isa = PBXFileReference; explicitFileType = wrapper.cfbundle; includeInIndex = 0; path = PrivateNotesUITests.xctest; sourceTree = BUILT_PRODUCTS_DIR; };
		872C43432C19B84400910FEA /* PrivateNotesUITests.swift */ = {isa = PBXFileReference; lastKnownFileType = sourcecode.swift; path = PrivateNotesUITests.swift; sourceTree = "<group>"; };
		872C43452C19B84400910FEA /* PrivateNotesUITestsLaunchTests.swift */ = {isa = PBXFileReference; lastKnownFileType = sourcecode.swift; path = PrivateNotesUITestsLaunchTests.swift; sourceTree = "<group>"; };
		872C43532C19CD6B00910FEA /* Note+CoreDataClass.swift */ = {isa = PBXFileReference; lastKnownFileType = sourcecode.swift; path = "Note+CoreDataClass.swift"; sourceTree = "<group>"; };
		872C43542C19CD6B00910FEA /* Note+CoreDataProperties.swift */ = {isa = PBXFileReference; lastKnownFileType = sourcecode.swift; path = "Note+CoreDataProperties.swift"; sourceTree = "<group>"; };
		872C43572C19D0D900910FEA /* Persistence+Preview.swift */ = {isa = PBXFileReference; lastKnownFileType = sourcecode.swift; path = "Persistence+Preview.swift"; sourceTree = "<group>"; };
		872C435B2C19EC8A00910FEA /* NoteDetailsView.swift */ = {isa = PBXFileReference; lastKnownFileType = sourcecode.swift; path = NoteDetailsView.swift; sourceTree = "<group>"; };
		872C435D2C19F01500910FEA /* Note+Preview.swift */ = {isa = PBXFileReference; lastKnownFileType = sourcecode.swift; path = "Note+Preview.swift"; sourceTree = "<group>"; };
		872C435F2C1B0AEB00910FEA /* NoteListViewModel.swift */ = {isa = PBXFileReference; lastKnownFileType = sourcecode.swift; path = NoteListViewModel.swift; sourceTree = "<group>"; };
		872C43622C1B106700910FEA /* MockNoteListViewModel.swift */ = {isa = PBXFileReference; lastKnownFileType = sourcecode.swift; path = MockNoteListViewModel.swift; sourceTree = "<group>"; };
		872C43642C1B140500910FEA /* Error+Preview.swift */ = {isa = PBXFileReference; lastKnownFileType = sourcecode.swift; path = "Error+Preview.swift"; sourceTree = "<group>"; };
		87A9CEF32C1B21A30051F4C7 /* NoteDetailsViewModel.swift */ = {isa = PBXFileReference; lastKnownFileType = sourcecode.swift; path = NoteDetailsViewModel.swift; sourceTree = "<group>"; };
		87A9CEF52C1B25BC0051F4C7 /* MockNoteDetailsViewModel.swift */ = {isa = PBXFileReference; lastKnownFileType = sourcecode.swift; path = MockNoteDetailsViewModel.swift; sourceTree = "<group>"; };
		87A9CEF72C1B26940051F4C7 /* ErrorView.swift */ = {isa = PBXFileReference; lastKnownFileType = sourcecode.swift; path = ErrorView.swift; sourceTree = "<group>"; };
		87A9CEFA2C1B3B8B0051F4C7 /* NoteCoordinator.swift */ = {isa = PBXFileReference; lastKnownFileType = sourcecode.swift; path = NoteCoordinator.swift; sourceTree = "<group>"; };
		87A9CEFD2C1B3F760051F4C7 /* NoteFlowType.swift */ = {isa = PBXFileReference; lastKnownFileType = sourcecode.swift; path = NoteFlowType.swift; sourceTree = "<group>"; };
		87A9CEFF2C1B7A910051F4C7 /* RootCoordinator.swift */ = {isa = PBXFileReference; lastKnownFileType = sourcecode.swift; path = RootCoordinator.swift; sourceTree = "<group>"; };
		87A9CF012C1B7B660051F4C7 /* ContentView.swift */ = {isa = PBXFileReference; lastKnownFileType = sourcecode.swift; path = ContentView.swift; sourceTree = "<group>"; };
		87A9CF032C1BA50E0051F4C7 /* LoginAuthView.swift */ = {isa = PBXFileReference; lastKnownFileType = sourcecode.swift; path = LoginAuthView.swift; sourceTree = "<group>"; };
		87A9CF052C1BA8810051F4C7 /* Info.plist */ = {isa = PBXFileReference; lastKnownFileType = text.plist; path = Info.plist; sourceTree = "<group>"; };
		87A9CF072C1BAC320051F4C7 /* CTALabel.swift */ = {isa = PBXFileReference; lastKnownFileType = sourcecode.swift; path = CTALabel.swift; sourceTree = "<group>"; };
		87A9CF092C1BAC6E0051F4C7 /* Design.swift */ = {isa = PBXFileReference; lastKnownFileType = sourcecode.swift; path = Design.swift; sourceTree = "<group>"; };
		87A9CF0B2C1C06AF0051F4C7 /* LoginCoordinator.swift */ = {isa = PBXFileReference; lastKnownFileType = sourcecode.swift; path = LoginCoordinator.swift; sourceTree = "<group>"; };
		87A9CF0D2C1C08240051F4C7 /* LoginFlowType.swift */ = {isa = PBXFileReference; lastKnownFileType = sourcecode.swift; path = LoginFlowType.swift; sourceTree = "<group>"; };
		87A9CF0F2C1C09230051F4C7 /* LoginViewModel.swift */ = {isa = PBXFileReference; lastKnownFileType = sourcecode.swift; path = LoginViewModel.swift; sourceTree = "<group>"; };
		87A9CF112C1C0CDB0051F4C7 /* MockLoginViewModel.swift */ = {isa = PBXFileReference; lastKnownFileType = sourcecode.swift; path = MockLoginViewModel.swift; sourceTree = "<group>"; };
		87A9CF132C1C109A0051F4C7 /* LoginView.swift */ = {isa = PBXFileReference; lastKnownFileType = sourcecode.swift; path = LoginView.swift; sourceTree = "<group>"; };
		87A9CF192C1C35760051F4C7 /* NoteListViewModelTests.swift */ = {isa = PBXFileReference; lastKnownFileType = sourcecode.swift; path = NoteListViewModelTests.swift; sourceTree = "<group>"; };
		87A9CF1B2C1C44680051F4C7 /* NoteDetailsViewModelTests.swift */ = {isa = PBXFileReference; lastKnownFileType = sourcecode.swift; path = NoteDetailsViewModelTests.swift; sourceTree = "<group>"; };
/* End PBXFileReference section */

/* Begin PBXFrameworksBuildPhase section */
		872C431D2C19B84300910FEA /* Frameworks */ = {
			isa = PBXFrameworksBuildPhase;
			buildActionMask = 2147483647;
			files = (
			);
			runOnlyForDeploymentPostprocessing = 0;
		};
		872C43322C19B84400910FEA /* Frameworks */ = {
			isa = PBXFrameworksBuildPhase;
			buildActionMask = 2147483647;
			files = (
			);
			runOnlyForDeploymentPostprocessing = 0;
		};
		872C433C2C19B84400910FEA /* Frameworks */ = {
			isa = PBXFrameworksBuildPhase;
			buildActionMask = 2147483647;
			files = (
			);
			runOnlyForDeploymentPostprocessing = 0;
		};
/* End PBXFrameworksBuildPhase section */

/* Begin PBXGroup section */
		872C43172C19B84300910FEA = {
			isa = PBXGroup;
			children = (
				872C43222C19B84300910FEA /* PrivateNotes */,
				872C43382C19B84400910FEA /* PrivateNotesTests */,
				872C43422C19B84400910FEA /* PrivateNotesUITests */,
				872C43212C19B84300910FEA /* Products */,
			);
			sourceTree = "<group>";
		};
		872C43212C19B84300910FEA /* Products */ = {
			isa = PBXGroup;
			children = (
				872C43202C19B84300910FEA /* PrivateNotes.app */,
				872C43352C19B84400910FEA /* PrivateNotesTests.xctest */,
				872C433F2C19B84400910FEA /* PrivateNotesUITests.xctest */,
			);
			name = Products;
			sourceTree = "<group>";
		};
		872C43222C19B84300910FEA /* PrivateNotes */ = {
			isa = PBXGroup;
			children = (
				87A9CF052C1BA8810051F4C7 /* Info.plist */,
				87A9CEFC2C1B3CD40051F4C7 /* App */,
				87A9CEF92C1B3B750051F4C7 /* Coordinator */,
				872C435A2C19EBED00910FEA /* ViewModels */,
				872C43592C19EBCD00910FEA /* Views */,
				872C43522C19CD1A00910FEA /* Model */,
				872C43272C19B84400910FEA /* Assets.xcassets */,
				872C43292C19B84400910FEA /* Preview Content */,
			);
			path = PrivateNotes;
			sourceTree = "<group>";
		};
		872C43292C19B84400910FEA /* Preview Content */ = {
			isa = PBXGroup;
			children = (
				872C43612C1B105000910FEA /* MockViewModels */,
				872C432A2C19B84400910FEA /* Preview Assets.xcassets */,
				872C43572C19D0D900910FEA /* Persistence+Preview.swift */,
				872C435D2C19F01500910FEA /* Note+Preview.swift */,
				872C43642C1B140500910FEA /* Error+Preview.swift */,
			);
			path = "Preview Content";
			sourceTree = "<group>";
		};
		872C43382C19B84400910FEA /* PrivateNotesTests */ = {
			isa = PBXGroup;
			children = (
				87A9CF192C1C35760051F4C7 /* NoteListViewModelTests.swift */,
				87A9CF1B2C1C44680051F4C7 /* NoteDetailsViewModelTests.swift */,
			);
			path = PrivateNotesTests;
			sourceTree = "<group>";
		};
		872C43422C19B84400910FEA /* PrivateNotesUITests */ = {
			isa = PBXGroup;
			children = (
				872C43432C19B84400910FEA /* PrivateNotesUITests.swift */,
				872C43452C19B84400910FEA /* PrivateNotesUITestsLaunchTests.swift */,
			);
			path = PrivateNotesUITests;
			sourceTree = "<group>";
		};
		872C43522C19CD1A00910FEA /* Model */ = {
			isa = PBXGroup;
			children = (
				872C432E2C19B84400910FEA /* PrivateNotes.xcdatamodeld */,
				872C43532C19CD6B00910FEA /* Note+CoreDataClass.swift */,
				872C43542C19CD6B00910FEA /* Note+CoreDataProperties.swift */,
				872C432C2C19B84400910FEA /* Persistence.swift */,
			);
			path = Model;
			sourceTree = "<group>";
		};
		872C43592C19EBCD00910FEA /* Views */ = {
			isa = PBXGroup;
			children = (
				87A9CF162C1C10BD0051F4C7 /* Notes */,
				87A9CF152C1C10B40051F4C7 /* Login */,
				87A9CF062C1BAC1D0051F4C7 /* Components */,
				87A9CEF72C1B26940051F4C7 /* ErrorView.swift */,
			);
			path = Views;
			sourceTree = "<group>";
		};
		872C435A2C19EBED00910FEA /* ViewModels */ = {
			isa = PBXGroup;
			children = (
				872C435F2C1B0AEB00910FEA /* NoteListViewModel.swift */,
				87A9CEF32C1B21A30051F4C7 /* NoteDetailsViewModel.swift */,
				87A9CF0F2C1C09230051F4C7 /* LoginViewModel.swift */,
			);
			path = ViewModels;
			sourceTree = "<group>";
		};
		872C43612C1B105000910FEA /* MockViewModels */ = {
			isa = PBXGroup;
			children = (
				872C43622C1B106700910FEA /* MockNoteListViewModel.swift */,
				87A9CEF52C1B25BC0051F4C7 /* MockNoteDetailsViewModel.swift */,
				87A9CF112C1C0CDB0051F4C7 /* MockLoginViewModel.swift */,
			);
			path = MockViewModels;
			sourceTree = "<group>";
		};
		87A9CEF92C1B3B750051F4C7 /* Coordinator */ = {
			isa = PBXGroup;
			children = (
				87A9CEFF2C1B7A910051F4C7 /* RootCoordinator.swift */,
				87A9CEFA2C1B3B8B0051F4C7 /* NoteCoordinator.swift */,
				87A9CEFD2C1B3F760051F4C7 /* NoteFlowType.swift */,
				87A9CF0B2C1C06AF0051F4C7 /* LoginCoordinator.swift */,
				87A9CF0D2C1C08240051F4C7 /* LoginFlowType.swift */,
			);
			path = Coordinator;
			sourceTree = "<group>";
		};
		87A9CEFC2C1B3CD40051F4C7 /* App */ = {
			isa = PBXGroup;
			children = (
				872C43232C19B84300910FEA /* PrivateNotesApp.swift */,
			);
			path = App;
			sourceTree = "<group>";
		};
		87A9CF062C1BAC1D0051F4C7 /* Components */ = {
			isa = PBXGroup;
			children = (
				87A9CF092C1BAC6E0051F4C7 /* Design.swift */,
				87A9CF072C1BAC320051F4C7 /* CTALabel.swift */,
			);
			name = Components;
			sourceTree = "<group>";
		};
		87A9CF152C1C10B40051F4C7 /* Login */ = {
			isa = PBXGroup;
			children = (
				87A9CF032C1BA50E0051F4C7 /* LoginAuthView.swift */,
				87A9CF132C1C109A0051F4C7 /* LoginView.swift */,
			);
			name = Login;
			sourceTree = "<group>";
		};
		87A9CF162C1C10BD0051F4C7 /* Notes */ = {
			isa = PBXGroup;
			children = (
				87A9CF012C1B7B660051F4C7 /* ContentView.swift */,
				872C43252C19B84300910FEA /* NoteListView.swift */,
				872C435B2C19EC8A00910FEA /* NoteDetailsView.swift */,
			);
			name = Notes;
			sourceTree = "<group>";
		};
/* End PBXGroup section */

/* Begin PBXNativeTarget section */
		872C431F2C19B84300910FEA /* PrivateNotes */ = {
			isa = PBXNativeTarget;
			buildConfigurationList = 872C43492C19B84400910FEA /* Build configuration list for PBXNativeTarget "PrivateNotes" */;
			buildPhases = (
				872C431C2C19B84300910FEA /* Sources */,
				872C431D2C19B84300910FEA /* Frameworks */,
				872C431E2C19B84300910FEA /* Resources */,
			);
			buildRules = (
			);
			dependencies = (
			);
			name = PrivateNotes;
			productName = PrivateNotes;
			productReference = 872C43202C19B84300910FEA /* PrivateNotes.app */;
			productType = "com.apple.product-type.application";
		};
		872C43342C19B84400910FEA /* PrivateNotesTests */ = {
			isa = PBXNativeTarget;
			buildConfigurationList = 872C434C2C19B84400910FEA /* Build configuration list for PBXNativeTarget "PrivateNotesTests" */;
			buildPhases = (
				872C43312C19B84400910FEA /* Sources */,
				872C43322C19B84400910FEA /* Frameworks */,
				872C43332C19B84400910FEA /* Resources */,
			);
			buildRules = (
			);
			dependencies = (
				872C43372C19B84400910FEA /* PBXTargetDependency */,
			);
			name = PrivateNotesTests;
			productName = PrivateNotesTests;
			productReference = 872C43352C19B84400910FEA /* PrivateNotesTests.xctest */;
			productType = "com.apple.product-type.bundle.unit-test";
		};
		872C433E2C19B84400910FEA /* PrivateNotesUITests */ = {
			isa = PBXNativeTarget;
			buildConfigurationList = 872C434F2C19B84400910FEA /* Build configuration list for PBXNativeTarget "PrivateNotesUITests" */;
			buildPhases = (
				872C433B2C19B84400910FEA /* Sources */,
				872C433C2C19B84400910FEA /* Frameworks */,
				872C433D2C19B84400910FEA /* Resources */,
			);
			buildRules = (
			);
			dependencies = (
				872C43412C19B84400910FEA /* PBXTargetDependency */,
			);
			name = PrivateNotesUITests;
			productName = PrivateNotesUITests;
			productReference = 872C433F2C19B84400910FEA /* PrivateNotesUITests.xctest */;
			productType = "com.apple.product-type.bundle.ui-testing";
		};
/* End PBXNativeTarget section */

/* Begin PBXProject section */
		872C43182C19B84300910FEA /* Project object */ = {
			isa = PBXProject;
			attributes = {
				BuildIndependentTargetsInParallel = 1;
				LastSwiftUpdateCheck = 1520;
				LastUpgradeCheck = 1520;
				TargetAttributes = {
					872C431F2C19B84300910FEA = {
						CreatedOnToolsVersion = 15.2;
					};
					872C43342C19B84400910FEA = {
						CreatedOnToolsVersion = 15.2;
						TestTargetID = 872C431F2C19B84300910FEA;
					};
					872C433E2C19B84400910FEA = {
						CreatedOnToolsVersion = 15.2;
						TestTargetID = 872C431F2C19B84300910FEA;
					};
				};
			};
			buildConfigurationList = 872C431B2C19B84300910FEA /* Build configuration list for PBXProject "PrivateNotes" */;
			compatibilityVersion = "Xcode 14.0";
			developmentRegion = en;
			hasScannedForEncodings = 0;
			knownRegions = (
				en,
				Base,
			);
			mainGroup = 872C43172C19B84300910FEA;
			productRefGroup = 872C43212C19B84300910FEA /* Products */;
			projectDirPath = "";
			projectRoot = "";
			targets = (
				872C431F2C19B84300910FEA /* PrivateNotes */,
				872C43342C19B84400910FEA /* PrivateNotesTests */,
				872C433E2C19B84400910FEA /* PrivateNotesUITests */,
			);
		};
/* End PBXProject section */

/* Begin PBXResourcesBuildPhase section */
		872C431E2C19B84300910FEA /* Resources */ = {
			isa = PBXResourcesBuildPhase;
			buildActionMask = 2147483647;
			files = (
				872C432B2C19B84400910FEA /* Preview Assets.xcassets in Resources */,
				872C43282C19B84400910FEA /* Assets.xcassets in Resources */,
			);
			runOnlyForDeploymentPostprocessing = 0;
		};
		872C43332C19B84400910FEA /* Resources */ = {
			isa = PBXResourcesBuildPhase;
			buildActionMask = 2147483647;
			files = (
			);
			runOnlyForDeploymentPostprocessing = 0;
		};
		872C433D2C19B84400910FEA /* Resources */ = {
			isa = PBXResourcesBuildPhase;
			buildActionMask = 2147483647;
			files = (
			);
			runOnlyForDeploymentPostprocessing = 0;
		};
/* End PBXResourcesBuildPhase section */

/* Begin PBXSourcesBuildPhase section */
		872C431C2C19B84300910FEA /* Sources */ = {
			isa = PBXSourcesBuildPhase;
			buildActionMask = 2147483647;
			files = (
				872C432D2C19B84400910FEA /* Persistence.swift in Sources */,
				872C43652C1B140500910FEA /* Error+Preview.swift in Sources */,
				872C43302C19B84400910FEA /* PrivateNotes.xcdatamodeld in Sources */,
				87A9CF0A2C1BAC6E0051F4C7 /* Design.swift in Sources */,
				872C43582C19D0D900910FEA /* Persistence+Preview.swift in Sources */,
				872C43552C19CD6B00910FEA /* Note+CoreDataClass.swift in Sources */,
				872C435E2C19F01500910FEA /* Note+Preview.swift in Sources */,
				87A9CF022C1B7B660051F4C7 /* ContentView.swift in Sources */,
				872C43632C1B106700910FEA /* MockNoteListViewModel.swift in Sources */,
				872C43262C19B84300910FEA /* NoteListView.swift in Sources */,
				872C43242C19B84300910FEA /* PrivateNotesApp.swift in Sources */,
				87A9CEF42C1B21A30051F4C7 /* NoteDetailsViewModel.swift in Sources */,
				87A9CEFB2C1B3B8B0051F4C7 /* NoteCoordinator.swift in Sources */,
				87A9CF102C1C09230051F4C7 /* LoginViewModel.swift in Sources */,
				87A9CEF82C1B26940051F4C7 /* ErrorView.swift in Sources */,
				87A9CF082C1BAC320051F4C7 /* CTALabel.swift in Sources */,
				872C43562C19CD6B00910FEA /* Note+CoreDataProperties.swift in Sources */,
				87A9CEF62C1B25BC0051F4C7 /* MockNoteDetailsViewModel.swift in Sources */,
				87A9CF0E2C1C08240051F4C7 /* LoginFlowType.swift in Sources */,
				87A9CF0C2C1C06AF0051F4C7 /* LoginCoordinator.swift in Sources */,
				87A9CEFE2C1B3F760051F4C7 /* NoteFlowType.swift in Sources */,
				87A9CF142C1C109A0051F4C7 /* LoginView.swift in Sources */,
				872C43602C1B0AEB00910FEA /* NoteListViewModel.swift in Sources */,
				87A9CF122C1C0CDB0051F4C7 /* MockLoginViewModel.swift in Sources */,
				87A9CF002C1B7A910051F4C7 /* RootCoordinator.swift in Sources */,
				87A9CF042C1BA50E0051F4C7 /* LoginAuthView.swift in Sources */,
				872C435C2C19EC8A00910FEA /* NoteDetailsView.swift in Sources */,
			);
			runOnlyForDeploymentPostprocessing = 0;
		};
		872C43312C19B84400910FEA /* Sources */ = {
			isa = PBXSourcesBuildPhase;
			buildActionMask = 2147483647;
			files = (
				87A9CF1A2C1C35760051F4C7 /* NoteListViewModelTests.swift in Sources */,
				87A9CF1C2C1C44680051F4C7 /* NoteDetailsViewModelTests.swift in Sources */,
			);
			runOnlyForDeploymentPostprocessing = 0;
		};
		872C433B2C19B84400910FEA /* Sources */ = {
			isa = PBXSourcesBuildPhase;
			buildActionMask = 2147483647;
			files = (
				872C43462C19B84400910FEA /* PrivateNotesUITestsLaunchTests.swift in Sources */,
				872C43442C19B84400910FEA /* PrivateNotesUITests.swift in Sources */,
			);
			runOnlyForDeploymentPostprocessing = 0;
		};
/* End PBXSourcesBuildPhase section */

/* Begin PBXTargetDependency section */
		872C43372C19B84400910FEA /* PBXTargetDependency */ = {
			isa = PBXTargetDependency;
			target = 872C431F2C19B84300910FEA /* PrivateNotes */;
			targetProxy = 872C43362C19B84400910FEA /* PBXContainerItemProxy */;
		};
		872C43412C19B84400910FEA /* PBXTargetDependency */ = {
			isa = PBXTargetDependency;
			target = 872C431F2C19B84300910FEA /* PrivateNotes */;
			targetProxy = 872C43402C19B84400910FEA /* PBXContainerItemProxy */;
		};
/* End PBXTargetDependency section */

/* Begin XCBuildConfiguration section */
		872C43472C19B84400910FEA /* Debug */ = {
			isa = XCBuildConfiguration;
			buildSettings = {
				ALWAYS_SEARCH_USER_PATHS = NO;
				ASSETCATALOG_COMPILER_GENERATE_SWIFT_ASSET_SYMBOL_EXTENSIONS = YES;
				CLANG_ANALYZER_NONNULL = YES;
				CLANG_ANALYZER_NUMBER_OBJECT_CONVERSION = YES_AGGRESSIVE;
				CLANG_CXX_LANGUAGE_STANDARD = "gnu++20";
				CLANG_ENABLE_MODULES = YES;
				CLANG_ENABLE_OBJC_ARC = YES;
				CLANG_ENABLE_OBJC_WEAK = YES;
				CLANG_WARN_BLOCK_CAPTURE_AUTORELEASING = YES;
				CLANG_WARN_BOOL_CONVERSION = YES;
				CLANG_WARN_COMMA = YES;
				CLANG_WARN_CONSTANT_CONVERSION = YES;
				CLANG_WARN_DEPRECATED_OBJC_IMPLEMENTATIONS = YES;
				CLANG_WARN_DIRECT_OBJC_ISA_USAGE = YES_ERROR;
				CLANG_WARN_DOCUMENTATION_COMMENTS = YES;
				CLANG_WARN_EMPTY_BODY = YES;
				CLANG_WARN_ENUM_CONVERSION = YES;
				CLANG_WARN_INFINITE_RECURSION = YES;
				CLANG_WARN_INT_CONVERSION = YES;
				CLANG_WARN_NON_LITERAL_NULL_CONVERSION = YES;
				CLANG_WARN_OBJC_IMPLICIT_RETAIN_SELF = YES;
				CLANG_WARN_OBJC_LITERAL_CONVERSION = YES;
				CLANG_WARN_OBJC_ROOT_CLASS = YES_ERROR;
				CLANG_WARN_QUOTED_INCLUDE_IN_FRAMEWORK_HEADER = YES;
				CLANG_WARN_RANGE_LOOP_ANALYSIS = YES;
				CLANG_WARN_STRICT_PROTOTYPES = YES;
				CLANG_WARN_SUSPICIOUS_MOVE = YES;
				CLANG_WARN_UNGUARDED_AVAILABILITY = YES_AGGRESSIVE;
				CLANG_WARN_UNREACHABLE_CODE = YES;
				CLANG_WARN__DUPLICATE_METHOD_MATCH = YES;
				COPY_PHASE_STRIP = NO;
				DEBUG_INFORMATION_FORMAT = dwarf;
				ENABLE_STRICT_OBJC_MSGSEND = YES;
				ENABLE_TESTABILITY = YES;
				ENABLE_USER_SCRIPT_SANDBOXING = YES;
				GCC_C_LANGUAGE_STANDARD = gnu17;
				GCC_DYNAMIC_NO_PIC = NO;
				GCC_NO_COMMON_BLOCKS = YES;
				GCC_OPTIMIZATION_LEVEL = 0;
				GCC_PREPROCESSOR_DEFINITIONS = (
					"DEBUG=1",
					"$(inherited)",
				);
				GCC_WARN_64_TO_32_BIT_CONVERSION = YES;
				GCC_WARN_ABOUT_RETURN_TYPE = YES_ERROR;
				GCC_WARN_UNDECLARED_SELECTOR = YES;
				GCC_WARN_UNINITIALIZED_AUTOS = YES_AGGRESSIVE;
				GCC_WARN_UNUSED_FUNCTION = YES;
				GCC_WARN_UNUSED_VARIABLE = YES;
				IPHONEOS_DEPLOYMENT_TARGET = 17.2;
				LOCALIZATION_PREFERS_STRING_CATALOGS = YES;
				MTL_ENABLE_DEBUG_INFO = INCLUDE_SOURCE;
				MTL_FAST_MATH = YES;
				ONLY_ACTIVE_ARCH = YES;
				SDKROOT = iphoneos;
				SWIFT_ACTIVE_COMPILATION_CONDITIONS = "DEBUG $(inherited)";
				SWIFT_OPTIMIZATION_LEVEL = "-Onone";
			};
			name = Debug;
		};
		872C43482C19B84400910FEA /* Release */ = {
			isa = XCBuildConfiguration;
			buildSettings = {
				ALWAYS_SEARCH_USER_PATHS = NO;
				ASSETCATALOG_COMPILER_GENERATE_SWIFT_ASSET_SYMBOL_EXTENSIONS = YES;
				CLANG_ANALYZER_NONNULL = YES;
				CLANG_ANALYZER_NUMBER_OBJECT_CONVERSION = YES_AGGRESSIVE;
				CLANG_CXX_LANGUAGE_STANDARD = "gnu++20";
				CLANG_ENABLE_MODULES = YES;
				CLANG_ENABLE_OBJC_ARC = YES;
				CLANG_ENABLE_OBJC_WEAK = YES;
				CLANG_WARN_BLOCK_CAPTURE_AUTORELEASING = YES;
				CLANG_WARN_BOOL_CONVERSION = YES;
				CLANG_WARN_COMMA = YES;
				CLANG_WARN_CONSTANT_CONVERSION = YES;
				CLANG_WARN_DEPRECATED_OBJC_IMPLEMENTATIONS = YES;
				CLANG_WARN_DIRECT_OBJC_ISA_USAGE = YES_ERROR;
				CLANG_WARN_DOCUMENTATION_COMMENTS = YES;
				CLANG_WARN_EMPTY_BODY = YES;
				CLANG_WARN_ENUM_CONVERSION = YES;
				CLANG_WARN_INFINITE_RECURSION = YES;
				CLANG_WARN_INT_CONVERSION = YES;
				CLANG_WARN_NON_LITERAL_NULL_CONVERSION = YES;
				CLANG_WARN_OBJC_IMPLICIT_RETAIN_SELF = YES;
				CLANG_WARN_OBJC_LITERAL_CONVERSION = YES;
				CLANG_WARN_OBJC_ROOT_CLASS = YES_ERROR;
				CLANG_WARN_QUOTED_INCLUDE_IN_FRAMEWORK_HEADER = YES;
				CLANG_WARN_RANGE_LOOP_ANALYSIS = YES;
				CLANG_WARN_STRICT_PROTOTYPES = YES;
				CLANG_WARN_SUSPICIOUS_MOVE = YES;
				CLANG_WARN_UNGUARDED_AVAILABILITY = YES_AGGRESSIVE;
				CLANG_WARN_UNREACHABLE_CODE = YES;
				CLANG_WARN__DUPLICATE_METHOD_MATCH = YES;
				COPY_PHASE_STRIP = NO;
				DEBUG_INFORMATION_FORMAT = "dwarf-with-dsym";
				ENABLE_NS_ASSERTIONS = NO;
				ENABLE_STRICT_OBJC_MSGSEND = YES;
				ENABLE_USER_SCRIPT_SANDBOXING = YES;
				GCC_C_LANGUAGE_STANDARD = gnu17;
				GCC_NO_COMMON_BLOCKS = YES;
				GCC_WARN_64_TO_32_BIT_CONVERSION = YES;
				GCC_WARN_ABOUT_RETURN_TYPE = YES_ERROR;
				GCC_WARN_UNDECLARED_SELECTOR = YES;
				GCC_WARN_UNINITIALIZED_AUTOS = YES_AGGRESSIVE;
				GCC_WARN_UNUSED_FUNCTION = YES;
				GCC_WARN_UNUSED_VARIABLE = YES;
				IPHONEOS_DEPLOYMENT_TARGET = 17.2;
				LOCALIZATION_PREFERS_STRING_CATALOGS = YES;
				MTL_ENABLE_DEBUG_INFO = NO;
				MTL_FAST_MATH = YES;
				SDKROOT = iphoneos;
				SWIFT_COMPILATION_MODE = wholemodule;
				VALIDATE_PRODUCT = YES;
			};
			name = Release;
		};
		872C434A2C19B84400910FEA /* Debug */ = {
			isa = XCBuildConfiguration;
			buildSettings = {
				ASSETCATALOG_COMPILER_APPICON_NAME = AppIcon;
				ASSETCATALOG_COMPILER_GLOBAL_ACCENT_COLOR_NAME = AccentColor;
				CODE_SIGN_STYLE = Automatic;
				CURRENT_PROJECT_VERSION = 1;
				DEVELOPMENT_ASSET_PATHS = "\"PrivateNotes/Preview Content\"";
				DEVELOPMENT_TEAM = XJBSMAW62U;
				ENABLE_PREVIEWS = YES;
				GENERATE_INFOPLIST_FILE = YES;
				INFOPLIST_FILE = PrivateNotes/Info.plist;
				INFOPLIST_KEY_NSFaceIDUsageDescription = "Use face id for authentication to view app content";
				INFOPLIST_KEY_UIApplicationSceneManifest_Generation = YES;
				INFOPLIST_KEY_UIApplicationSupportsIndirectInputEvents = YES;
				INFOPLIST_KEY_UILaunchScreen_Generation = YES;
				INFOPLIST_KEY_UISupportedInterfaceOrientations_iPad = "UIInterfaceOrientationPortrait UIInterfaceOrientationPortraitUpsideDown UIInterfaceOrientationLandscapeLeft UIInterfaceOrientationLandscapeRight";
				INFOPLIST_KEY_UISupportedInterfaceOrientations_iPhone = "UIInterfaceOrientationPortrait UIInterfaceOrientationLandscapeLeft UIInterfaceOrientationLandscapeRight";
				IPHONEOS_DEPLOYMENT_TARGET = 17.2;
				LD_RUNPATH_SEARCH_PATHS = (
					"$(inherited)",
					"@executable_path/Frameworks",
				);
				MARKETING_VERSION = 1.0;
				PRODUCT_BUNDLE_IDENTIFIER = com.xmartsoft.PrivateNotes;
				PRODUCT_NAME = "$(TARGET_NAME)";
				SWIFT_EMIT_LOC_STRINGS = YES;
				SWIFT_VERSION = 5.0;
				TARGETED_DEVICE_FAMILY = "1,2";
			};
			name = Debug;
		};
		872C434B2C19B84400910FEA /* Release */ = {
			isa = XCBuildConfiguration;
			buildSettings = {
				ASSETCATALOG_COMPILER_APPICON_NAME = AppIcon;
				ASSETCATALOG_COMPILER_GLOBAL_ACCENT_COLOR_NAME = AccentColor;
				CODE_SIGN_STYLE = Automatic;
				CURRENT_PROJECT_VERSION = 1;
				DEVELOPMENT_ASSET_PATHS = "\"PrivateNotes/Preview Content\"";
				DEVELOPMENT_TEAM = XJBSMAW62U;
				ENABLE_PREVIEWS = YES;
				GENERATE_INFOPLIST_FILE = YES;
				INFOPLIST_FILE = PrivateNotes/Info.plist;
				INFOPLIST_KEY_NSFaceIDUsageDescription = "Use face id for authentication to view app content";
				INFOPLIST_KEY_UIApplicationSceneManifest_Generation = YES;
				INFOPLIST_KEY_UIApplicationSupportsIndirectInputEvents = YES;
				INFOPLIST_KEY_UILaunchScreen_Generation = YES;
				INFOPLIST_KEY_UISupportedInterfaceOrientations_iPad = "UIInterfaceOrientationPortrait UIInterfaceOrientationPortraitUpsideDown UIInterfaceOrientationLandscapeLeft UIInterfaceOrientationLandscapeRight";
				INFOPLIST_KEY_UISupportedInterfaceOrientations_iPhone = "UIInterfaceOrientationPortrait UIInterfaceOrientationLandscapeLeft UIInterfaceOrientationLandscapeRight";
				IPHONEOS_DEPLOYMENT_TARGET = 17.2;
				LD_RUNPATH_SEARCH_PATHS = (
					"$(inherited)",
					"@executable_path/Frameworks",
				);
				MARKETING_VERSION = 1.0;
				PRODUCT_BUNDLE_IDENTIFIER = com.xmartsoft.PrivateNotes;
				PRODUCT_NAME = "$(TARGET_NAME)";
				SWIFT_EMIT_LOC_STRINGS = YES;
				SWIFT_VERSION = 5.0;
				TARGETED_DEVICE_FAMILY = "1,2";
			};
			name = Release;
		};
		872C434D2C19B84400910FEA /* Debug */ = {
			isa = XCBuildConfiguration;
			buildSettings = {
				ALWAYS_EMBED_SWIFT_STANDARD_LIBRARIES = YES;
				BUNDLE_LOADER = "$(TEST_HOST)";
				CODE_SIGN_STYLE = Automatic;
				CURRENT_PROJECT_VERSION = 1;
				DEVELOPMENT_TEAM = XJBSMAW62U;
				GENERATE_INFOPLIST_FILE = YES;
				IPHONEOS_DEPLOYMENT_TARGET = 17.2;
				MARKETING_VERSION = 1.0;
				PRODUCT_BUNDLE_IDENTIFIER = com.xmartsoft.PrivateNotesTests;
				PRODUCT_NAME = "$(TARGET_NAME)";
				SWIFT_EMIT_LOC_STRINGS = NO;
				SWIFT_VERSION = 5.0;
				TARGETED_DEVICE_FAMILY = "1,2";
				TEST_HOST = "$(BUILT_PRODUCTS_DIR)/PrivateNotes.app/$(BUNDLE_EXECUTABLE_FOLDER_PATH)/PrivateNotes";
			};
			name = Debug;
		};
		872C434E2C19B84400910FEA /* Release */ = {
			isa = XCBuildConfiguration;
			buildSettings = {
				ALWAYS_EMBED_SWIFT_STANDARD_LIBRARIES = YES;
				BUNDLE_LOADER = "$(TEST_HOST)";
				CODE_SIGN_STYLE = Automatic;
				CURRENT_PROJECT_VERSION = 1;
				DEVELOPMENT_TEAM = XJBSMAW62U;
				GENERATE_INFOPLIST_FILE = YES;
				IPHONEOS_DEPLOYMENT_TARGET = 17.2;
				MARKETING_VERSION = 1.0;
				PRODUCT_BUNDLE_IDENTIFIER = com.xmartsoft.PrivateNotesTests;
				PRODUCT_NAME = "$(TARGET_NAME)";
				SWIFT_EMIT_LOC_STRINGS = NO;
				SWIFT_VERSION = 5.0;
				TARGETED_DEVICE_FAMILY = "1,2";
				TEST_HOST = "$(BUILT_PRODUCTS_DIR)/PrivateNotes.app/$(BUNDLE_EXECUTABLE_FOLDER_PATH)/PrivateNotes";
			};
			name = Release;
		};
		872C43502C19B84400910FEA /* Debug */ = {
			isa = XCBuildConfiguration;
			buildSettings = {
				ALWAYS_EMBED_SWIFT_STANDARD_LIBRARIES = YES;
				CODE_SIGN_STYLE = Automatic;
				CURRENT_PROJECT_VERSION = 1;
				DEVELOPMENT_TEAM = XJBSMAW62U;
				GENERATE_INFOPLIST_FILE = YES;
				MARKETING_VERSION = 1.0;
				PRODUCT_BUNDLE_IDENTIFIER = com.xmartsoft.PrivateNotesUITests;
				PRODUCT_NAME = "$(TARGET_NAME)";
				SWIFT_EMIT_LOC_STRINGS = NO;
				SWIFT_VERSION = 5.0;
				TARGETED_DEVICE_FAMILY = "1,2";
				TEST_TARGET_NAME = PrivateNotes;
			};
			name = Debug;
		};
		872C43512C19B84400910FEA /* Release */ = {
			isa = XCBuildConfiguration;
			buildSettings = {
				ALWAYS_EMBED_SWIFT_STANDARD_LIBRARIES = YES;
				CODE_SIGN_STYLE = Automatic;
				CURRENT_PROJECT_VERSION = 1;
				DEVELOPMENT_TEAM = XJBSMAW62U;
				GENERATE_INFOPLIST_FILE = YES;
				MARKETING_VERSION = 1.0;
				PRODUCT_BUNDLE_IDENTIFIER = com.xmartsoft.PrivateNotesUITests;
				PRODUCT_NAME = "$(TARGET_NAME)";
				SWIFT_EMIT_LOC_STRINGS = NO;
				SWIFT_VERSION = 5.0;
				TARGETED_DEVICE_FAMILY = "1,2";
				TEST_TARGET_NAME = PrivateNotes;
			};
			name = Release;
		};
/* End XCBuildConfiguration section */

/* Begin XCConfigurationList section */
		872C431B2C19B84300910FEA /* Build configuration list for PBXProject "PrivateNotes" */ = {
			isa = XCConfigurationList;
			buildConfigurations = (
				872C43472C19B84400910FEA /* Debug */,
				872C43482C19B84400910FEA /* Release */,
			);
			defaultConfigurationIsVisible = 0;
			defaultConfigurationName = Release;
		};
		872C43492C19B84400910FEA /* Build configuration list for PBXNativeTarget "PrivateNotes" */ = {
			isa = XCConfigurationList;
			buildConfigurations = (
				872C434A2C19B84400910FEA /* Debug */,
				872C434B2C19B84400910FEA /* Release */,
			);
			defaultConfigurationIsVisible = 0;
			defaultConfigurationName = Release;
		};
		872C434C2C19B84400910FEA /* Build configuration list for PBXNativeTarget "PrivateNotesTests" */ = {
			isa = XCConfigurationList;
			buildConfigurations = (
				872C434D2C19B84400910FEA /* Debug */,
				872C434E2C19B84400910FEA /* Release */,
			);
			defaultConfigurationIsVisible = 0;
			defaultConfigurationName = Release;
		};
		872C434F2C19B84400910FEA /* Build configuration list for PBXNativeTarget "PrivateNotesUITests" */ = {
			isa = XCConfigurationList;
			buildConfigurations = (
				872C43502C19B84400910FEA /* Debug */,
				872C43512C19B84400910FEA /* Release */,
			);
			defaultConfigurationIsVisible = 0;
			defaultConfigurationName = Release;
		};
/* End XCConfigurationList section */

/* Begin XCVersionGroup section */
		872C432E2C19B84400910FEA /* PrivateNotes.xcdatamodeld */ = {
			isa = XCVersionGroup;
			children = (
				872C432F2C19B84400910FEA /* PrivateNotes.xcdatamodel */,
			);
			currentVersion = 872C432F2C19B84400910FEA /* PrivateNotes.xcdatamodel */;
			path = PrivateNotes.xcdatamodeld;
			sourceTree = "<group>";
			versionGroupType = wrapper.xcdatamodel;
		};
/* End XCVersionGroup section */
	};
	rootObject = 872C43182C19B84300910FEA /* Project object */;
}
